{
  "name": "jonfon",
  "version": "1.5.1",
  "lockfileVersion": 1,
  "dependencies": {
    "assertion-error": {
      "version": "1.0.2",
      "resolved": "https://registry.npmjs.org/assertion-error/-/assertion-error-1.0.2.tgz",
      "integrity": "sha1-E8pRXYYgbaC6xm6DTdOX2HWBCUw=",
      "dev": true
    },
    "chai": {
      "version": "3.5.0",
      "resolved": "https://registry.npmjs.org/chai/-/chai-3.5.0.tgz",
      "integrity": "sha1-TQJjewZ/6Vi9v906QOxW/vc3Mkc=",
      "dev": true
    },
    "deep-eql": {
      "version": "0.1.3",
      "resolved": "https://registry.npmjs.org/deep-eql/-/deep-eql-0.1.3.tgz",
      "integrity": "sha1-71WKyrjeJSBs1xOQbXTlaTDrafI=",
      "dev": true,
      "dependencies": {
        "type-detect": {
          "version": "0.1.1",
          "resolved": "https://registry.npmjs.org/type-detect/-/type-detect-0.1.1.tgz",
          "integrity": "sha1-C6XsKohWQORw6k6FBZcZANrFiCI=",
          "dev": true
        }
      }
    },
    "linear-solve": {
      "version": "1.2.1",
      "resolved": "https://registry.npmjs.org/linear-solve/-/linear-solve-1.2.1.tgz",
      "integrity": "sha1-bc0KWw/oVHt6WXH+L3ciHIyWog4="
    },
    "lodash": {
      "version": "4.17.4",
      "resolved": "https://registry.npmjs.org/lodash/-/lodash-4.17.4.tgz",
      "integrity": "sha1-eCA6TRwyiuHYbcpkYONptX9AVa4="
    },
    "milker": {
      "version": "1.4.3",
      "resolved": "https://registry.npmjs.org/milker/-/milker-1.4.3.tgz",
      "integrity": "sha512-iyEXZWpLg7lxofL4+a/LD9D6/FbVKY5PM+SvxgG8pA61CiCR7F6du0uWqFGPCVXMtCo1c/n1Cwa/QYMlUmvY3w=="
    },
    "node-svd": {
      "version": "0.1.3",
      "resolved": "https://registry.npmjs.org/node-svd/-/node-svd-0.1.3.tgz",
      "integrity": "sha1-myuSF2eXQf71vdM4/OL02VwzkiY="
    },
    "type-detect": {
      "version": "1.0.0",
      "resolved": "https://registry.npmjs.org/type-detect/-/type-detect-1.0.0.tgz",
      "integrity": "sha1-diIXzAbbJY7EiQihKY6LlRIejqI=",
      "dev": true
    }
  }
}
